
Microsoft Visual Studio Solution File, Format Version 12.00
# Visual Studio Version 16
VisualStudioVersion = 16.0.32228.343
MinimumVisualStudioVersion = 10.0.40219.1
Project("{FAE04EC0-301F-11D3-BF4B-00C04F79EFBC}") = "ProtechGestao", "ProtechGestao\ProtechGestao.csproj", "{3AE76BF9-6951-42CB-B691-AC3D0DA150BB}"
EndProject
Global
	GlobalSection(SolutionConfigurationPlatforms) = preSolution
		Debug|Any CPU = Debug|Any CPU
		Release|Any CPU = Release|Any CPU
	EndGlobalSection
	GlobalSection(ProjectConfigurationPlatforms) = postSolution
		{3AE76BF9-6951-42CB-B691-AC3D0DA150BB}.Debug|Any CPU.ActiveCfg = Debug|Any CPU
		{3AE76BF9-6951-42CB-B691-AC3D0DA150BB}.Debug|Any CPU.Build.0 = Debug|Any CPU
		{3AE76BF9-6951-42CB-B691-AC3D0DA150BB}.Release|Any CPU.ActiveCfg = Release|Any CPU
		{3AE76BF9-6951-42CB-B691-AC3D0DA150BB}.Release|Any CPU.Build.0 = Release|Any CPU
	EndGlobalSection
	GlobalSection(SolutionProperties) = preSolution
		HideSolutionNode = FALSE
	EndGlobalSection
	GlobalSection(ExtensibilityGlobals) = postSolution
		SolutionGuid = {AA3D9C50-C700-457A-84C4-A705220C8213}
	EndGlobalSection
EndGlobal
